
Microsoft Visual Studio Solution File, Format Version 12.00
# Visual Studio 15
VisualStudioVersion = 15.0.27130.2020
MinimumVisualStudioVersion = 10.0.40219.1
Project("{FAE04EC0-301F-11D3-BF4B-00C04F79EFBC}") = "SampleSignalRDemo", "SampleSignalRDemo\SampleSignalRDemo.csproj", "{506D8D5A-824D-45DD-B910-607C522CC0F6}"
EndProject
Global
	GlobalSection(SolutionConfigurationPlatforms) = preSolution
		Debug|Any CPU = Debug|Any CPU
		Release|Any CPU = Release|Any CPU
	EndGlobalSection
	GlobalSection(ProjectConfigurationPlatforms) = postSolution
		{506D8D5A-824D-45DD-B910-607C522CC0F6}.Debug|Any CPU.ActiveCfg = Debug|Any CPU
		{506D8D5A-824D-45DD-B910-607C522CC0F6}.Debug|Any CPU.Build.0 = Debug|Any CPU
		{506D8D5A-824D-45DD-B910-607C522CC0F6}.Release|Any CPU.ActiveCfg = Release|Any CPU
		{506D8D5A-824D-45DD-B910-607C522CC0F6}.Release|Any CPU.Build.0 = Release|Any CPU
	EndGlobalSection
	GlobalSection(SolutionProperties) = preSolution
		HideSolutionNode = FALSE
	EndGlobalSection
	GlobalSection(ExtensibilityGlobals) = postSolution
		SolutionGuid = {D58C84BF-26D8-4FC5-AD3F-E451163BA6F9}
	EndGlobalSection
EndGlobal
